
Microsoft Visual Studio Solution File, Format Version 12.00
# Visual Studio Version 17
VisualStudioVersion = 17.3.32929.385
MinimumVisualStudioVersion = 10.0.40219.1
Project("{FAE04EC0-301F-11D3-BF4B-00C04F79EFBC}") = "Bianca_lab02", "Bianca_lab02\Bianca_lab02.csproj", "{C9351D96-B69A-4D83-9B95-2212BDE4A047}"
EndProject
Global
	GlobalSection(SolutionConfigurationPlatforms) = preSolution
		Debug|Any CPU = Debug|Any CPU
		Release|Any CPU = Release|Any CPU
	EndGlobalSection
	GlobalSection(ProjectConfigurationPlatforms) = postSolution
		{C9351D96-B69A-4D83-9B95-2212BDE4A047}.Debug|Any CPU.ActiveCfg = Debug|Any CPU
		{C9351D96-B69A-4D83-9B95-2212BDE4A047}.Debug|Any CPU.Build.0 = Debug|Any CPU
		{C9351D96-B69A-4D83-9B95-2212BDE4A047}.Release|Any CPU.ActiveCfg = Release|Any CPU
		{C9351D96-B69A-4D83-9B95-2212BDE4A047}.Release|Any CPU.Build.0 = Release|Any CPU
	EndGlobalSection
	GlobalSection(SolutionProperties) = preSolution
		HideSolutionNode = FALSE
	EndGlobalSection
	GlobalSection(ExtensibilityGlobals) = postSolution
		SolutionGuid = {DF8F5618-10FA-4080-9206-71A81CE5BAA5}
	EndGlobalSection
EndGlobal
